
Microsoft Visual Studio Solution File, Format Version 12.00
# Visual Studio 2012
Project("{FAE04EC0-301F-11D3-BF4B-00C04F79EFBC}") = "GitHub.WindowsAzure", "src\GitHub.WindowsAzure\GitHub.WindowsAzure.csproj", "{0C174C38-3AD7-4810-B165-95DCC327288F}"
EndProject
Project("{FAE04EC0-301F-11D3-BF4B-00C04F79EFBC}") = "GitHub.WindowsAzure.Tests", "test\GitHub.WindowsAzure.Tests\GitHub.WindowsAzure.Tests.csproj", "{7B133A3F-612C-4647-93B3-A8CC4FBF1E39}"
EndProject
Global
	GlobalSection(SolutionConfigurationPlatforms) = preSolution
		Debug|Any CPU = Debug|Any CPU
		Release|Any CPU = Release|Any CPU
	EndGlobalSection
	GlobalSection(ProjectConfigurationPlatforms) = postSolution
		{0C174C38-3AD7-4810-B165-95DCC327288F}.Debug|Any CPU.ActiveCfg = Debug|Any CPU
		{0C174C38-3AD7-4810-B165-95DCC327288F}.Debug|Any CPU.Build.0 = Debug|Any CPU
		{0C174C38-3AD7-4810-B165-95DCC327288F}.Release|Any CPU.ActiveCfg = Release|Any CPU
		{0C174C38-3AD7-4810-B165-95DCC327288F}.Release|Any CPU.Build.0 = Release|Any CPU
		{7B133A3F-612C-4647-93B3-A8CC4FBF1E39}.Debug|Any CPU.ActiveCfg = Debug|Any CPU
		{7B133A3F-612C-4647-93B3-A8CC4FBF1E39}.Debug|Any CPU.Build.0 = Debug|Any CPU
		{7B133A3F-612C-4647-93B3-A8CC4FBF1E39}.Release|Any CPU.ActiveCfg = Release|Any CPU
		{7B133A3F-612C-4647-93B3-A8CC4FBF1E39}.Release|Any CPU.Build.0 = Release|Any CPU
	EndGlobalSection
	GlobalSection(SolutionProperties) = preSolution
		HideSolutionNode = FALSE
	EndGlobalSection
EndGlobal
