
Microsoft Visual Studio Solution File, Format Version 12.00
# Visual Studio 14
VisualStudioVersion = 14.0.25420.1
MinimumVisualStudioVersion = 10.0.40219.1
Project("{2150E333-8FDC-42A3-9474-1A3956D46DE8}") = ".scripts", ".scripts", "{4AA7D406-B158-4FCA-97BE-B3CE4B9ED1AA}"
	ProjectSection(SolutionItems) = preProject
		scripts\build.cmd = scripts\build.cmd
		scripts\build.properties.sample.ps1 = scripts\build.properties.sample.ps1
		scripts\build.ps1 = scripts\build.ps1
	EndProjectSection
EndProject
Project("{2150E333-8FDC-42A3-9474-1A3956D46DE8}") = "libs", "libs", "{F729740C-2635-49A7-9342-2A2A7158992D}"
	ProjectSection(SolutionItems) = preProject
		scripts\libs\core_build.ps1 = scripts\libs\core_build.ps1
		scripts\libs\psake.psm1 = scripts\libs\psake.psm1
		scripts\libs\psake_ext.ps1 = scripts\libs\psake_ext.ps1
	EndProjectSection
EndProject
Project("{8BB2217D-0F2D-49D1-97BC-3654ED321F3B}") = "WindowsAzure", "src\WindowsAzure\WindowsAzure.xproj", "{489A3BD0-35AF-4E8E-939F-6597125603B7}"
EndProject
Project("{8BB2217D-0F2D-49D1-97BC-3654ED321F3B}") = "WindowsAzure.Tests", "test\WindowsAzure.Tests\WindowsAzure.Tests.xproj", "{47178F90-F9A5-4413-8C34-607451F893D5}"
	ProjectSection(ProjectDependencies) = postProject
		{489A3BD0-35AF-4E8E-939F-6597125603B7} = {489A3BD0-35AF-4E8E-939F-6597125603B7}
	EndProjectSection
EndProject
Global
	GlobalSection(SolutionConfigurationPlatforms) = preSolution
		Debug|Any CPU = Debug|Any CPU
		Release|Any CPU = Release|Any CPU
	EndGlobalSection
	GlobalSection(ProjectConfigurationPlatforms) = postSolution
		{7B133A3F-612C-4647-93B3-A8CC4FBF1E39}.Debug|Any CPU.ActiveCfg = Debug|Any CPU
		{7B133A3F-612C-4647-93B3-A8CC4FBF1E39}.Debug|Any CPU.Build.0 = Debug|Any CPU
		{7B133A3F-612C-4647-93B3-A8CC4FBF1E39}.Release|Any CPU.ActiveCfg = Release|Any CPU
		{7B133A3F-612C-4647-93B3-A8CC4FBF1E39}.Release|Any CPU.Build.0 = Release|Any CPU
		{489A3BD0-35AF-4E8E-939F-6597125603B7}.Debug|Any CPU.ActiveCfg = Debug|Any CPU
		{489A3BD0-35AF-4E8E-939F-6597125603B7}.Debug|Any CPU.Build.0 = Debug|Any CPU
		{489A3BD0-35AF-4E8E-939F-6597125603B7}.Release|Any CPU.ActiveCfg = Release|Any CPU
		{489A3BD0-35AF-4E8E-939F-6597125603B7}.Release|Any CPU.Build.0 = Release|Any CPU
		{47178F90-F9A5-4413-8C34-607451F893D5}.Debug|Any CPU.ActiveCfg = Debug|Any CPU
		{47178F90-F9A5-4413-8C34-607451F893D5}.Debug|Any CPU.Build.0 = Debug|Any CPU
		{47178F90-F9A5-4413-8C34-607451F893D5}.Release|Any CPU.ActiveCfg = Release|Any CPU
		{47178F90-F9A5-4413-8C34-607451F893D5}.Release|Any CPU.Build.0 = Release|Any CPU
	EndGlobalSection
	GlobalSection(SolutionProperties) = preSolution
		HideSolutionNode = FALSE
	EndGlobalSection
	GlobalSection(NestedProjects) = preSolution
		{F729740C-2635-49A7-9342-2A2A7158992D} = {4AA7D406-B158-4FCA-97BE-B3CE4B9ED1AA}
	EndGlobalSection
EndGlobal
